
Microsoft Visual Studio Solution File, Format Version 12.00
# Visual Studio Version 16
VisualStudioVersion = 16.0.30717.126
MinimumVisualStudioVersion = 10.0.40219.1
Project("{FAE04EC0-301F-11D3-BF4B-00C04F79EFBC}") = "ConsoleApp2_NewGitIgnoreTest", "ConsoleApp2_NewGitIgnoreTest\ConsoleApp2_NewGitIgnoreTest.csproj", "{FE58C38F-C4C6-4F58-8874-82522324851E}"
EndProject
Global
	GlobalSection(SolutionConfigurationPlatforms) = preSolution
		Debug|Any CPU = Debug|Any CPU
		Release|Any CPU = Release|Any CPU
	EndGlobalSection
	GlobalSection(ProjectConfigurationPlatforms) = postSolution
		{FE58C38F-C4C6-4F58-8874-82522324851E}.Debug|Any CPU.ActiveCfg = Debug|Any CPU
		{FE58C38F-C4C6-4F58-8874-82522324851E}.Debug|Any CPU.Build.0 = Debug|Any CPU
		{FE58C38F-C4C6-4F58-8874-82522324851E}.Release|Any CPU.ActiveCfg = Release|Any CPU
		{FE58C38F-C4C6-4F58-8874-82522324851E}.Release|Any CPU.Build.0 = Release|Any CPU
	EndGlobalSection
	GlobalSection(SolutionProperties) = preSolution
		HideSolutionNode = FALSE
	EndGlobalSection
	GlobalSection(ExtensibilityGlobals) = postSolution
		SolutionGuid = {EE381EA1-B461-4244-A03F-B9D83E641836}
	EndGlobalSection
EndGlobal
